
Microsoft Visual Studio Solution File, Format Version 12.00
# Visual Studio 2012
Project("{FAE04EC0-301F-11D3-BF4B-00C04F79EFBC}") = "ThreeDo", "ThreeDo.csproj", "{F3A504A6-5468-4BB9-8D7F-CC7A09AE6AF6}"
EndProject
Project("{FAE04EC0-301F-11D3-BF4B-00C04F79EFBC}") = "DomainModel", "..\..\..\SD\Downloads\AspNetCoreMultipleProject-master\src\DomainModel\DomainModel.csproj", "{0D1C334C-2128-429B-9F45-BADCDD1F411C}"
EndProject
Global
	GlobalSection(SolutionConfigurationPlatforms) = preSolution
		Debug|Any CPU = Debug|Any CPU
		Release|Any CPU = Release|Any CPU
	EndGlobalSection
	GlobalSection(ProjectConfigurationPlatforms) = postSolution
		{F3A504A6-5468-4BB9-8D7F-CC7A09AE6AF6}.Debug|Any CPU.ActiveCfg = Debug|Any CPU
		{F3A504A6-5468-4BB9-8D7F-CC7A09AE6AF6}.Debug|Any CPU.Build.0 = Debug|Any CPU
		{F3A504A6-5468-4BB9-8D7F-CC7A09AE6AF6}.Release|Any CPU.ActiveCfg = Release|Any CPU
		{F3A504A6-5468-4BB9-8D7F-CC7A09AE6AF6}.Release|Any CPU.Build.0 = Release|Any CPU
		{0D1C334C-2128-429B-9F45-BADCDD1F411C}.Debug|Any CPU.ActiveCfg = Debug|Any CPU
		{0D1C334C-2128-429B-9F45-BADCDD1F411C}.Debug|Any CPU.Build.0 = Debug|Any CPU
		{0D1C334C-2128-429B-9F45-BADCDD1F411C}.Release|Any CPU.ActiveCfg = Release|Any CPU
		{0D1C334C-2128-429B-9F45-BADCDD1F411C}.Release|Any CPU.Build.0 = Release|Any CPU
	EndGlobalSection
EndGlobal
